// !$*UTF8*$!
{
	archiveVersion = 1;
	classes = {
	};
	objectVersion = 50;
	objects = {

/* Begin PBXBuildFile section */
		D1BAA998234703D200CA2482 /* AppDelegate.swift in Sources */ = {isa = PBXBuildFile; fileRef = D1BAA997234703D200CA2482 /* AppDelegate.swift */; };
		D1BAA99A234703D200CA2482 /* SceneDelegate.swift in Sources */ = {isa = PBXBuildFile; fileRef = D1BAA999234703D200CA2482 /* SceneDelegate.swift */; };
		D1BAA9A1234703D200CA2482 /* Assets.xcassets in Resources */ = {isa = PBXBuildFile; fileRef = D1BAA9A0234703D200CA2482 /* Assets.xcassets */; };
		D1BAA9A4234703D200CA2482 /* LaunchScreen.storyboard in Resources */ = {isa = PBXBuildFile; fileRef = D1BAA9A2234703D200CA2482 /* LaunchScreen.storyboard */; };
		D1BAA9AF234703EC00CA2482 /* Main.storyboard in Resources */ = {isa = PBXBuildFile; fileRef = D1BAA9AB234703EB00CA2482 /* Main.storyboard */; };
		D1BAA9B0234703EC00CA2482 /* User.swift in Sources */ = {isa = PBXBuildFile; fileRef = D1BAA9AC234703EB00CA2482 /* User.swift */; };
		D1BAA9B1234703EC00CA2482 /* APIController.swift in Sources */ = {isa = PBXBuildFile; fileRef = D1BAA9AD234703EB00CA2482 /* APIController.swift */; };
		D1BAA9B2234703EC00CA2482 /* ViewController.swift in Sources */ = {isa = PBXBuildFile; fileRef = D1BAA9AE234703EB00CA2482 /* ViewController.swift */; };
/* End PBXBuildFile section */

/* Begin PBXFileReference section */
		D1BAA994234703D200CA2482 /* InstagramScraper.app */ = {isa = PBXFileReference; explicitFileType = wrapper.application; includeInIndex = 0; path = InstagramScraper.app; sourceTree = BUILT_PRODUCTS_DIR; };
		D1BAA997234703D200CA2482 /* AppDelegate.swift */ = {isa = PBXFileReference; lastKnownFileType = sourcecode.swift; path = AppDelegate.swift; sourceTree = "<group>"; };
		D1BAA999234703D200CA2482 /* SceneDelegate.swift */ = {isa = PBXFileReference; lastKnownFileType = sourcecode.swift; path = SceneDelegate.swift; sourceTree = "<group>"; };
		D1BAA9A0234703D200CA2482 /* Assets.xcassets */ = {isa = PBXFileReference; lastKnownFileType = folder.assetcatalog; path = Assets.xcassets; sourceTree = "<group>"; };
		D1BAA9A3234703D200CA2482 /* Base */ = {isa = PBXFileReference; lastKnownFileType = file.storyboard; name = Base; path = Base.lproj/LaunchScreen.storyboard; sourceTree = "<group>"; };
		D1BAA9A5234703D200CA2482 /* Info.plist */ = {isa = PBXFileReference; lastKnownFileType = text.plist.xml; path = Info.plist; sourceTree = "<group>"; };
		D1BAA9AB234703EB00CA2482 /* Main.storyboard */ = {isa = PBXFileReference; fileEncoding = 4; lastKnownFileType = file.storyboard; path = Main.storyboard; sourceTree = "<group>"; };
		D1BAA9AC234703EB00CA2482 /* User.swift */ = {isa = PBXFileReference; fileEncoding = 4; lastKnownFileType = sourcecode.swift; path = User.swift; sourceTree = "<group>"; };
		D1BAA9AD234703EB00CA2482 /* APIController.swift */ = {isa = PBXFileReference; fileEncoding = 4; lastKnownFileType = sourcecode.swift; path = APIController.swift; sourceTree = "<group>"; };
		D1BAA9AE234703EB00CA2482 /* ViewController.swift */ = {isa = PBXFileReference; fileEncoding = 4; lastKnownFileType = sourcecode.swift; path = ViewController.swift; sourceTree = "<group>"; };
/* End PBXFileReference section */

/* Begin PBXFrameworksBuildPhase section */
		D1BAA991234703D200CA2482 /* Frameworks */ = {
			isa = PBXFrameworksBuildPhase;
			buildActionMask = 2147483647;
			files = (
			);
			runOnlyForDeploymentPostprocessing = 0;
		};
/* End PBXFrameworksBuildPhase section */

/* Begin PBXGroup section */
		D1BAA98B234703D200CA2482 = {
			isa = PBXGroup;
			children = (
				D1BAA996234703D200CA2482 /* InstagramScraper */,
				D1BAA995234703D200CA2482 /* Products */,
			);
			sourceTree = "<group>";
		};
		D1BAA995234703D200CA2482 /* Products */ = {
			isa = PBXGroup;
			children = (
				D1BAA994234703D200CA2482 /* InstagramScraper.app */,
			);
			name = Products;
			sourceTree = "<group>";
		};
		D1BAA996234703D200CA2482 /* InstagramScraper */ = {
			isa = PBXGroup;
			children = (
				D1BAA997234703D200CA2482 /* AppDelegate.swift */,
				D1BAA999234703D200CA2482 /* SceneDelegate.swift */,
				D1BAA9AD234703EB00CA2482 /* APIController.swift */,
				D1BAA9AB234703EB00CA2482 /* Main.storyboard */,
				D1BAA9AC234703EB00CA2482 /* User.swift */,
				D1BAA9AE234703EB00CA2482 /* ViewController.swift */,
				D1BAA9A0234703D200CA2482 /* Assets.xcassets */,
				D1BAA9A2234703D200CA2482 /* LaunchScreen.storyboard */,
				D1BAA9A5234703D200CA2482 /* Info.plist */,
			);
			path = InstagramScraper;
			sourceTree = "<group>";
		};
/* End PBXGroup section */

/* Begin PBXNativeTarget section */
		D1BAA993234703D200CA2482 /* InstagramScraper */ = {
			isa = PBXNativeTarget;
			buildConfigurationList = D1BAA9A8234703D200CA2482 /* Build configuration list for PBXNativeTarget "InstagramScraper" */;
			buildPhases = (
				D1BAA990234703D200CA2482 /* Sources */,
				D1BAA991234703D200CA2482 /* Frameworks */,
				D1BAA992234703D200CA2482 /* Resources */,
			);
			buildRules = (
			);
			dependencies = (
			);
			name = InstagramScraper;
			productName = InstagramScraper;
			productReference = D1BAA994234703D200CA2482 /* InstagramScraper.app */;
			productType = "com.apple.product-type.application";
		};
/* End PBXNativeTarget section */

/* Begin PBXProject section */
		D1BAA98C234703D200CA2482 /* Project object */ = {
			isa = PBXProject;
			attributes = {
				LastSwiftUpdateCheck = 1100;
				LastUpgradeCheck = 1100;
				ORGANIZATIONNAME = "Jonathan Ferrer";
				TargetAttributes = {
					D1BAA993234703D200CA2482 = {
						CreatedOnToolsVersion = 11.0;
					};
				};
			};
			buildConfigurationList = D1BAA98F234703D200CA2482 /* Build configuration list for PBXProject "InstagramScraper" */;
			compatibilityVersion = "Xcode 9.3";
			developmentRegion = en;
			hasScannedForEncodings = 0;
			knownRegions = (
				en,
				Base,
			);
			mainGroup = D1BAA98B234703D200CA2482;
			productRefGroup = D1BAA995234703D200CA2482 /* Products */;
			projectDirPath = "";
			projectRoot = "";
			targets = (
				D1BAA993234703D200CA2482 /* InstagramScraper */,
			);
		};
/* End PBXProject section */

/* Begin PBXResourcesBuildPhase section */
		D1BAA992234703D200CA2482 /* Resources */ = {
			isa = PBXResourcesBuildPhase;
			buildActionMask = 2147483647;
			files = (
				D1BAA9AF234703EC00CA2482 /* Main.storyboard in Resources */,
				D1BAA9A4234703D200CA2482 /* LaunchScreen.storyboard in Resources */,
				D1BAA9A1234703D200CA2482 /* Assets.xcassets in Resources */,
			);
			runOnlyForDeploymentPostprocessing = 0;
		};
/* End PBXResourcesBuildPhase section */

/* Begin PBXSourcesBuildPhase section */
		D1BAA990234703D200CA2482 /* Sources */ = {
			isa = PBXSourcesBuildPhase;
			buildActionMask = 2147483647;
			files = (
				D1BAA9B2234703EC00CA2482 /* ViewController.swift in Sources */,
				D1BAA9B1234703EC00CA2482 /* APIController.swift in Sources */,
				D1BAA998234703D200CA2482 /* AppDelegate.swift in Sources */,
				D1BAA99A234703D200CA2482 /* SceneDelegate.swift in Sources */,
				D1BAA9B0234703EC00CA2482 /* User.swift in Sources */,
			);
			runOnlyForDeploymentPostprocessing = 0;
		};
/* End PBXSourcesBuildPhase section */

/* Begin PBXVariantGroup section */
		D1BAA9A2234703D200CA2482 /* LaunchScreen.storyboard */ = {
			isa = PBXVariantGroup;
			children = (
				D1BAA9A3234703D200CA2482 /* Base */,
			);
			name = LaunchScreen.storyboard;
			sourceTree = "<group>";
		};
/* End PBXVariantGroup section */

/* Begin XCBuildConfiguration section */
		D1BAA9A6234703D200CA2482 /* Debug */ = {
			isa = XCBuildConfiguration;
			buildSettings = {
				ALWAYS_SEARCH_USER_PATHS = NO;
				CLANG_ANALYZER_NONNULL = YES;
				CLANG_ANALYZER_NUMBER_OBJECT_CONVERSION = YES_AGGRESSIVE;
				CLANG_CXX_LANGUAGE_STANDARD = "gnu++14";
				CLANG_CXX_LIBRARY = "libc++";
				CLANG_ENABLE_MODULES = YES;
				CLANG_ENABLE_OBJC_ARC = YES;
				CLANG_ENABLE_OBJC_WEAK = YES;
				CLANG_WARN_BLOCK_CAPTURE_AUTORELEASING = YES;
				CLANG_WARN_BOOL_CONVERSION = YES;
				CLANG_WARN_COMMA = YES;
				CLANG_WARN_CONSTANT_CONVERSION = YES;
				CLANG_WARN_DEPRECATED_OBJC_IMPLEMENTATIONS = YES;
				CLANG_WARN_DIRECT_OBJC_ISA_USAGE = YES_ERROR;
				CLANG_WARN_DOCUMENTATION_COMMENTS = YES;
				CLANG_WARN_EMPTY_BODY = YES;
				CLANG_WARN_ENUM_CONVERSION = YES;
				CLANG_WARN_INFINITE_RECURSION = YES;
				CLANG_WARN_INT_CONVERSION = YES;
				CLANG_WARN_NON_LITERAL_NULL_CONVERSION = YES;
				CLANG_WARN_OBJC_IMPLICIT_RETAIN_SELF = YES;
				CLANG_WARN_OBJC_LITERAL_CONVERSION = YES;
				CLANG_WARN_OBJC_ROOT_CLASS = YES_ERROR;
				CLANG_WARN_RANGE_LOOP_ANALYSIS = YES;
				CLANG_WARN_STRICT_PROTOTYPES = YES;
				CLANG_WARN_SUSPICIOUS_MOVE = YES;
				CLANG_WARN_UNGUARDED_AVAILABILITY = YES_AGGRESSIVE;
				CLANG_WARN_UNREACHABLE_CODE = YES;
				CLANG_WARN__DUPLICATE_METHOD_MATCH = YES;
				COPY_PHASE_STRIP = NO;
				DEBUG_INFORMATION_FORMAT = dwarf;
				ENABLE_STRICT_OBJC_MSGSEND = YES;
				ENABLE_TESTABILITY = YES;
				GCC_C_LANGUAGE_STANDARD = gnu11;
				GCC_DYNAMIC_NO_PIC = NO;
				GCC_NO_COMMON_BLOCKS = YES;
				GCC_OPTIMIZATION_LEVEL = 0;
				GCC_PREPROCESSOR_DEFINITIONS = (
					"DEBUG=1",
					"$(inherited)",
				);
				GCC_WARN_64_TO_32_BIT_CONVERSION = YES;
				GCC_WARN_ABOUT_RETURN_TYPE = YES_ERROR;
				GCC_WARN_UNDECLARED_SELECTOR = YES;
				GCC_WARN_UNINITIALIZED_AUTOS = YES_AGGRESSIVE;
				GCC_WARN_UNUSED_FUNCTION = YES;
				GCC_WARN_UNUSED_VARIABLE = YES;
				IPHONEOS_DEPLOYMENT_TARGET = 13.0;
				MTL_ENABLE_DEBUG_INFO = INCLUDE_SOURCE;
				MTL_FAST_MATH = YES;
				ONLY_ACTIVE_ARCH = YES;
				SDKROOT = iphoneos;
				SWIFT_ACTIVE_COMPILATION_CONDITIONS = DEBUG;
				SWIFT_OPTIMIZATION_LEVEL = "-Onone";
			};
			name = Debug;
		};
		D1BAA9A7234703D200CA2482 /* Release */ = {
			isa = XCBuildConfiguration;
			buildSettings = {
				ALWAYS_SEARCH_USER_PATHS = NO;
				CLANG_ANALYZER_NONNULL = YES;
				CLANG_ANALYZER_NUMBER_OBJECT_CONVERSION = YES_AGGRESSIVE;
				CLANG_CXX_LANGUAGE_STANDARD = "gnu++14";
				CLANG_CXX_LIBRARY = "libc++";
				CLANG_ENABLE_MODULES = YES;
				CLANG_ENABLE_OBJC_ARC = YES;
				CLANG_ENABLE_OBJC_WEAK = YES;
				CLANG_WARN_BLOCK_CAPTURE_AUTORELEASING = YES;
				CLANG_WARN_BOOL_CONVERSION = YES;
				CLANG_WARN_COMMA = YES;
				CLANG_WARN_CONSTANT_CONVERSION = YES;
				CLANG_WARN_DEPRECATED_OBJC_IMPLEMENTATIONS = YES;
				CLANG_WARN_DIRECT_OBJC_ISA_USAGE = YES_ERROR;
				CLANG_WARN_DOCUMENTATION_COMMENTS = YES;
				CLANG_WARN_EMPTY_BODY = YES;
				CLANG_WARN_ENUM_CONVERSION = YES;
				CLANG_WARN_INFINITE_RECURSION = YES;
				CLANG_WARN_INT_CONVERSION = YES;
				CLANG_WARN_NON_LITERAL_NULL_CONVERSION = YES;
				CLANG_WARN_OBJC_IMPLICIT_RETAIN_SELF = YES;
				CLANG_WARN_OBJC_LITERAL_CONVERSION = YES;
				CLANG_WARN_OBJC_ROOT_CLASS = YES_ERROR;
				CLANG_WARN_RANGE_LOOP_ANALYSIS = YES;
				CLANG_WARN_STRICT_PROTOTYPES = YES;
				CLANG_WARN_SUSPICIOUS_MOVE = YES;
				CLANG_WARN_UNGUARDED_AVAILABILITY = YES_AGGRESSIVE;
				CLANG_WARN_UNREACHABLE_CODE = YES;
				CLANG_WARN__DUPLICATE_METHOD_MATCH = YES;
				COPY_PHASE_STRIP = NO;
				DEBUG_INFORMATION_FORMAT = "dwarf-with-dsym";
				ENABLE_NS_ASSERTIONS = NO;
				ENABLE_STRICT_OBJC_MSGSEND = YES;
				GCC_C_LANGUAGE_STANDARD = gnu11;
				GCC_NO_COMMON_BLOCKS = YES;
				GCC_WARN_64_TO_32_BIT_CONVERSION = YES;
				GCC_WARN_ABOUT_RETURN_TYPE = YES_ERROR;
				GCC_WARN_UNDECLARED_SELECTOR = YES;
				GCC_WARN_UNINITIALIZED_AUTOS = YES_AGGRESSIVE;
				GCC_WARN_UNUSED_FUNCTION = YES;
				GCC_WARN_UNUSED_VARIABLE = YES;
				IPHONEOS_DEPLOYMENT_TARGET = 13.0;
				MTL_ENABLE_DEBUG_INFO = NO;
				MTL_FAST_MATH = YES;
				SDKROOT = iphoneos;
				SWIFT_COMPILATION_MODE = wholemodule;
				SWIFT_OPTIMIZATION_LEVEL = "-O";
				VALIDATE_PRODUCT = YES;
			};
			name = Release;
		};
		D1BAA9A9234703D200CA2482 /* Debug */ = {
			isa = XCBuildConfiguration;
			buildSettings = {
				ASSETCATALOG_COMPILER_APPICON_NAME = AppIcon;
				CODE_SIGN_STYLE = Automatic;
				DEVELOPMENT_TEAM = F2KHAE3YT5;
				INFOPLIST_FILE = InstagramScraper/Info.plist;
				LD_RUNPATH_SEARCH_PATHS = (
					"$(inherited)",
					"@executable_path/Frameworks",
				);
				PRODUCT_BUNDLE_IDENTIFIER = com.jonathanferrer.InstagramScraper;
				PRODUCT_NAME = "$(TARGET_NAME)";
				SWIFT_VERSION = 5.0;
				TARGETED_DEVICE_FAMILY = "1,2";
			};
			name = Debug;
		};
		D1BAA9AA234703D200CA2482 /* Release */ = {
			isa = XCBuildConfiguration;
			buildSettings = {
				ASSETCATALOG_COMPILER_APPICON_NAME = AppIcon;
				CODE_SIGN_STYLE = Automatic;
				DEVELOPMENT_TEAM = F2KHAE3YT5;
				INFOPLIST_FILE = InstagramScraper/Info.plist;
				LD_RUNPATH_SEARCH_PATHS = (
					"$(inherited)",
					"@executable_path/Frameworks",
				);
				PRODUCT_BUNDLE_IDENTIFIER = com.jonathanferrer.InstagramScraper;
				PRODUCT_NAME = "$(TARGET_NAME)";
				SWIFT_VERSION = 5.0;
				TARGETED_DEVICE_FAMILY = "1,2";
			};
			name = Release;
		};
/* End XCBuildConfiguration section */

/* Begin XCConfigurationList section */
		D1BAA98F234703D200CA2482 /* Build configuration list for PBXProject "InstagramScraper" */ = {
			isa = XCConfigurationList;
			buildConfigurations = (
				D1BAA9A6234703D200CA2482 /* Debug */,
				D1BAA9A7234703D200CA2482 /* Release */,
			);
			defaultConfigurationIsVisible = 0;
			defaultConfigurationName = Release;
		};
		D1BAA9A8234703D200CA2482 /* Build configuration list for PBXNativeTarget "InstagramScraper" */ = {
			isa = XCConfigurationList;
			buildConfigurations = (
				D1BAA9A9234703D200CA2482 /* Debug */,
				D1BAA9AA234703D200CA2482 /* Release */,
			);
			defaultConfigurationIsVisible = 0;
			defaultConfigurationName = Release;
		};
/* End XCConfigurationList section */
	};
	rootObject = D1BAA98C234703D200CA2482 /* Project object */;
}
